
Microsoft Visual Studio Solution File, Format Version 12.00
# Visual Studio Version 17
VisualStudioVersion = 17.3.32901.215
MinimumVisualStudioVersion = 10.0.40219.1
Project("{FAE04EC0-301F-11D3-BF4B-00C04F79EFBC}") = "301000645(duquinal)_Lab1", "301000645(duquinal)_Lab1\301000645(duquinal)_Lab1.csproj", "{FC6C7A9B-75A3-4F37-B30D-DC73AC335B69}"
EndProject
Global
	GlobalSection(SolutionConfigurationPlatforms) = preSolution
		Debug|Any CPU = Debug|Any CPU
		Release|Any CPU = Release|Any CPU
	EndGlobalSection
	GlobalSection(ProjectConfigurationPlatforms) = postSolution
		{FC6C7A9B-75A3-4F37-B30D-DC73AC335B69}.Debug|Any CPU.ActiveCfg = Debug|Any CPU
		{FC6C7A9B-75A3-4F37-B30D-DC73AC335B69}.Debug|Any CPU.Build.0 = Debug|Any CPU
		{FC6C7A9B-75A3-4F37-B30D-DC73AC335B69}.Release|Any CPU.ActiveCfg = Release|Any CPU
		{FC6C7A9B-75A3-4F37-B30D-DC73AC335B69}.Release|Any CPU.Build.0 = Release|Any CPU
	EndGlobalSection
	GlobalSection(SolutionProperties) = preSolution
		HideSolutionNode = FALSE
	EndGlobalSection
	GlobalSection(ExtensibilityGlobals) = postSolution
		SolutionGuid = {635D7DB9-0252-4EBD-B4C7-04BEB0649FF4}
	EndGlobalSection
EndGlobal
